// !$*UTF8*$!
{
	archiveVersion = 1;
	classes = {
	};
	objectVersion = 56;
	objects = {

/* Begin PBXBuildFile section */
		68159AFA290292CD00809532 /* ShopperApp.swift in Sources */ = {isa = PBXBuildFile; fileRef = 68159AF9290292CD00809532 /* ShopperApp.swift */; };
		68159AFE290292CE00809532 /* Assets.xcassets in Resources */ = {isa = PBXBuildFile; fileRef = 68159AFD290292CE00809532 /* Assets.xcassets */; };
		68159B01290292CE00809532 /* Preview Assets.xcassets in Resources */ = {isa = PBXBuildFile; fileRef = 68159B00290292CE00809532 /* Preview Assets.xcassets */; };
		68159B0B290292CE00809532 /* ShopperTests.swift in Sources */ = {isa = PBXBuildFile; fileRef = 68159B0A290292CE00809532 /* ShopperTests.swift */; };
		68159B15290292CE00809532 /* ShopperUITests.swift in Sources */ = {isa = PBXBuildFile; fileRef = 68159B14290292CE00809532 /* ShopperUITests.swift */; };
		68159B17290292CE00809532 /* ShopperUITestsLaunchTests.swift in Sources */ = {isa = PBXBuildFile; fileRef = 68159B16290292CE00809532 /* ShopperUITestsLaunchTests.swift */; };
		68159B282902948F00809532 /* Product.swift in Sources */ = {isa = PBXBuildFile; fileRef = 68159B272902948F00809532 /* Product.swift */; };
		68159B292902948F00809532 /* Product.swift in Sources */ = {isa = PBXBuildFile; fileRef = 68159B272902948F00809532 /* Product.swift */; };
		68159B2B2902949D00809532 /* ProductListView.swift in Sources */ = {isa = PBXBuildFile; fileRef = 68159B2A2902949D00809532 /* ProductListView.swift */; };
		68159B2E290294AB00809532 /* ProductListViewModel.swift in Sources */ = {isa = PBXBuildFile; fileRef = 68159B2D290294AB00809532 /* ProductListViewModel.swift */; };
		68159B312902954700809532 /* Cart.swift in Sources */ = {isa = PBXBuildFile; fileRef = 68159B302902954700809532 /* Cart.swift */; };
		68159B342902962C00809532 /* CartProduct.swift in Sources */ = {isa = PBXBuildFile; fileRef = 68159B332902962C00809532 /* CartProduct.swift */; };
		68159B372902A7A900809532 /* CategoryListView.swift in Sources */ = {isa = PBXBuildFile; fileRef = 68159B362902A7A900809532 /* CategoryListView.swift */; };
		68159B3A2902A7D600809532 /* CategoryListViewModel.swift in Sources */ = {isa = PBXBuildFile; fileRef = 68159B392902A7D600809532 /* CategoryListViewModel.swift */; };
		68159B3E2902BFC200809532 /* StringExt.swift in Sources */ = {isa = PBXBuildFile; fileRef = 68159B3D2902BFC200809532 /* StringExt.swift */; };
		68159B402902E6A600809532 /* CartView.swift in Sources */ = {isa = PBXBuildFile; fileRef = 68159B3F2902E6A600809532 /* CartView.swift */; };
/* End PBXBuildFile section */

/* Begin PBXContainerItemProxy section */
		68159B07290292CE00809532 /* PBXContainerItemProxy */ = {
			isa = PBXContainerItemProxy;
			containerPortal = 68159AEE290292CD00809532 /* Project object */;
			proxyType = 1;
			remoteGlobalIDString = 68159AF5290292CD00809532;
			remoteInfo = Shopper;
		};
		68159B11290292CE00809532 /* PBXContainerItemProxy */ = {
			isa = PBXContainerItemProxy;
			containerPortal = 68159AEE290292CD00809532 /* Project object */;
			proxyType = 1;
			remoteGlobalIDString = 68159AF5290292CD00809532;
			remoteInfo = Shopper;
		};
/* End PBXContainerItemProxy section */

/* Begin PBXFileReference section */
		68159AF6290292CD00809532 /* Shopper.app */ = {isa = PBXFileReference; explicitFileType = wrapper.application; includeInIndex = 0; path = Shopper.app; sourceTree = BUILT_PRODUCTS_DIR; };
		68159AF9290292CD00809532 /* ShopperApp.swift */ = {isa = PBXFileReference; lastKnownFileType = sourcecode.swift; path = ShopperApp.swift; sourceTree = "<group>"; };
		68159AFD290292CE00809532 /* Assets.xcassets */ = {isa = PBXFileReference; lastKnownFileType = folder.assetcatalog; path = Assets.xcassets; sourceTree = "<group>"; };
		68159B00290292CE00809532 /* Preview Assets.xcassets */ = {isa = PBXFileReference; lastKnownFileType = folder.assetcatalog; path = "Preview Assets.xcassets"; sourceTree = "<group>"; };
		68159B06290292CE00809532 /* ShopperTests.xctest */ = {isa = PBXFileReference; explicitFileType = wrapper.cfbundle; includeInIndex = 0; path = ShopperTests.xctest; sourceTree = BUILT_PRODUCTS_DIR; };
		68159B0A290292CE00809532 /* ShopperTests.swift */ = {isa = PBXFileReference; lastKnownFileType = sourcecode.swift; path = ShopperTests.swift; sourceTree = "<group>"; };
		68159B10290292CE00809532 /* ShopperUITests.xctest */ = {isa = PBXFileReference; explicitFileType = wrapper.cfbundle; includeInIndex = 0; path = ShopperUITests.xctest; sourceTree = BUILT_PRODUCTS_DIR; };
		68159B14290292CE00809532 /* ShopperUITests.swift */ = {isa = PBXFileReference; lastKnownFileType = sourcecode.swift; path = ShopperUITests.swift; sourceTree = "<group>"; };
		68159B16290292CE00809532 /* ShopperUITestsLaunchTests.swift */ = {isa = PBXFileReference; lastKnownFileType = sourcecode.swift; path = ShopperUITestsLaunchTests.swift; sourceTree = "<group>"; };
		68159B272902948F00809532 /* Product.swift */ = {isa = PBXFileReference; fileEncoding = 4; lastKnownFileType = sourcecode.swift; path = Product.swift; sourceTree = "<group>"; };
		68159B2A2902949D00809532 /* ProductListView.swift */ = {isa = PBXFileReference; fileEncoding = 4; lastKnownFileType = sourcecode.swift; path = ProductListView.swift; sourceTree = "<group>"; };
		68159B2D290294AB00809532 /* ProductListViewModel.swift */ = {isa = PBXFileReference; fileEncoding = 4; lastKnownFileType = sourcecode.swift; path = ProductListViewModel.swift; sourceTree = "<group>"; };
		68159B302902954700809532 /* Cart.swift */ = {isa = PBXFileReference; lastKnownFileType = sourcecode.swift; path = Cart.swift; sourceTree = "<group>"; };
		68159B332902962C00809532 /* CartProduct.swift */ = {isa = PBXFileReference; lastKnownFileType = sourcecode.swift; path = CartProduct.swift; sourceTree = "<group>"; };
		68159B362902A7A900809532 /* CategoryListView.swift */ = {isa = PBXFileReference; lastKnownFileType = sourcecode.swift; path = CategoryListView.swift; sourceTree = "<group>"; };
		68159B392902A7D600809532 /* CategoryListViewModel.swift */ = {isa = PBXFileReference; lastKnownFileType = sourcecode.swift; path = CategoryListViewModel.swift; sourceTree = "<group>"; };
		68159B3D2902BFC200809532 /* StringExt.swift */ = {isa = PBXFileReference; lastKnownFileType = sourcecode.swift; path = StringExt.swift; sourceTree = "<group>"; };
		68159B3F2902E6A600809532 /* CartView.swift */ = {isa = PBXFileReference; lastKnownFileType = sourcecode.swift; path = CartView.swift; sourceTree = "<group>"; };
/* End PBXFileReference section */

/* Begin PBXFrameworksBuildPhase section */
		68159AF3290292CD00809532 /* Frameworks */ = {
			isa = PBXFrameworksBuildPhase;
			buildActionMask = 2147483647;
			files = (
			);
			runOnlyForDeploymentPostprocessing = 0;
		};
		68159B03290292CE00809532 /* Frameworks */ = {
			isa = PBXFrameworksBuildPhase;
			buildActionMask = 2147483647;
			files = (
			);
			runOnlyForDeploymentPostprocessing = 0;
		};
		68159B0D290292CE00809532 /* Frameworks */ = {
			isa = PBXFrameworksBuildPhase;
			buildActionMask = 2147483647;
			files = (
			);
			runOnlyForDeploymentPostprocessing = 0;
		};
/* End PBXFrameworksBuildPhase section */

/* Begin PBXGroup section */
		68159AED290292CD00809532 = {
			isa = PBXGroup;
			children = (
				68159AF8290292CD00809532 /* Shopper */,
				68159B09290292CE00809532 /* ShopperTests */,
				68159B13290292CE00809532 /* ShopperUITests */,
				68159AF7290292CD00809532 /* Products */,
			);
			sourceTree = "<group>";
		};
		68159AF7290292CD00809532 /* Products */ = {
			isa = PBXGroup;
			children = (
				68159AF6290292CD00809532 /* Shopper.app */,
				68159B06290292CE00809532 /* ShopperTests.xctest */,
				68159B10290292CE00809532 /* ShopperUITests.xctest */,
			);
			name = Products;
			sourceTree = "<group>";
		};
		68159AF8290292CD00809532 /* Shopper */ = {
			isa = PBXGroup;
			children = (
				68159B3C2902AC1200809532 /* Extensions */,
				68159B23290292D900809532 /* Models */,
				68159B24290292E100809532 /* Views */,
				68159B25290292EB00809532 /* ViewModels */,
				68159AF9290292CD00809532 /* ShopperApp.swift */,
				68159AFD290292CE00809532 /* Assets.xcassets */,
				68159AFF290292CE00809532 /* Preview Content */,
			);
			path = Shopper;
			sourceTree = "<group>";
		};
		68159AFF290292CE00809532 /* Preview Content */ = {
			isa = PBXGroup;
			children = (
				68159B00290292CE00809532 /* Preview Assets.xcassets */,
			);
			path = "Preview Content";
			sourceTree = "<group>";
		};
		68159B09290292CE00809532 /* ShopperTests */ = {
			isa = PBXGroup;
			children = (
				68159B0A290292CE00809532 /* ShopperTests.swift */,
			);
			path = ShopperTests;
			sourceTree = "<group>";
		};
		68159B13290292CE00809532 /* ShopperUITests */ = {
			isa = PBXGroup;
			children = (
				68159B14290292CE00809532 /* ShopperUITests.swift */,
				68159B16290292CE00809532 /* ShopperUITestsLaunchTests.swift */,
			);
			path = ShopperUITests;
			sourceTree = "<group>";
		};
		68159B23290292D900809532 /* Models */ = {
			isa = PBXGroup;
			children = (
				68159B302902954700809532 /* Cart.swift */,
				68159B332902962C00809532 /* CartProduct.swift */,
				68159B272902948F00809532 /* Product.swift */,
			);
			path = Models;
			sourceTree = "<group>";
		};
		68159B24290292E100809532 /* Views */ = {
			isa = PBXGroup;
			children = (
				68159B362902A7A900809532 /* CategoryListView.swift */,
				68159B2A2902949D00809532 /* ProductListView.swift */,
				68159B3F2902E6A600809532 /* CartView.swift */,
			);
			path = Views;
			sourceTree = "<group>";
		};
		68159B25290292EB00809532 /* ViewModels */ = {
			isa = PBXGroup;
			children = (
				68159B392902A7D600809532 /* CategoryListViewModel.swift */,
				68159B2D290294AB00809532 /* ProductListViewModel.swift */,
			);
			path = ViewModels;
			sourceTree = "<group>";
		};
		68159B3C2902AC1200809532 /* Extensions */ = {
			isa = PBXGroup;
			children = (
				68159B3D2902BFC200809532 /* StringExt.swift */,
			);
			path = Extensions;
			sourceTree = "<group>";
		};
/* End PBXGroup section */

/* Begin PBXNativeTarget section */
		68159AF5290292CD00809532 /* Shopper */ = {
			isa = PBXNativeTarget;
			buildConfigurationList = 68159B1A290292CE00809532 /* Build configuration list for PBXNativeTarget "Shopper" */;
			buildPhases = (
				68159AF2290292CD00809532 /* Sources */,
				68159AF3290292CD00809532 /* Frameworks */,
				68159AF4290292CD00809532 /* Resources */,
			);
			buildRules = (
			);
			dependencies = (
			);
			name = Shopper;
			productName = Shopper;
			productReference = 68159AF6290292CD00809532 /* Shopper.app */;
			productType = "com.apple.product-type.application";
		};
		68159B05290292CE00809532 /* ShopperTests */ = {
			isa = PBXNativeTarget;
			buildConfigurationList = 68159B1D290292CE00809532 /* Build configuration list for PBXNativeTarget "ShopperTests" */;
			buildPhases = (
				68159B02290292CE00809532 /* Sources */,
				68159B03290292CE00809532 /* Frameworks */,
				68159B04290292CE00809532 /* Resources */,
			);
			buildRules = (
			);
			dependencies = (
				68159B08290292CE00809532 /* PBXTargetDependency */,
			);
			name = ShopperTests;
			productName = ShopperTests;
			productReference = 68159B06290292CE00809532 /* ShopperTests.xctest */;
			productType = "com.apple.product-type.bundle.unit-test";
		};
		68159B0F290292CE00809532 /* ShopperUITests */ = {
			isa = PBXNativeTarget;
			buildConfigurationList = 68159B20290292CE00809532 /* Build configuration list for PBXNativeTarget "ShopperUITests" */;
			buildPhases = (
				68159B0C290292CE00809532 /* Sources */,
				68159B0D290292CE00809532 /* Frameworks */,
				68159B0E290292CE00809532 /* Resources */,
			);
			buildRules = (
			);
			dependencies = (
				68159B12290292CE00809532 /* PBXTargetDependency */,
			);
			name = ShopperUITests;
			productName = ShopperUITests;
			productReference = 68159B10290292CE00809532 /* ShopperUITests.xctest */;
			productType = "com.apple.product-type.bundle.ui-testing";
		};
/* End PBXNativeTarget section */

/* Begin PBXProject section */
		68159AEE290292CD00809532 /* Project object */ = {
			isa = PBXProject;
			attributes = {
				BuildIndependentTargetsInParallel = 1;
				LastSwiftUpdateCheck = 1400;
				LastUpgradeCheck = 1400;
				TargetAttributes = {
					68159AF5290292CD00809532 = {
						CreatedOnToolsVersion = 14.0.1;
					};
					68159B05290292CE00809532 = {
						CreatedOnToolsVersion = 14.0.1;
						TestTargetID = 68159AF5290292CD00809532;
					};
					68159B0F290292CE00809532 = {
						CreatedOnToolsVersion = 14.0.1;
						TestTargetID = 68159AF5290292CD00809532;
					};
				};
			};
			buildConfigurationList = 68159AF1290292CD00809532 /* Build configuration list for PBXProject "Shopper" */;
			compatibilityVersion = "Xcode 14.0";
			developmentRegion = en;
			hasScannedForEncodings = 0;
			knownRegions = (
				en,
				Base,
			);
			mainGroup = 68159AED290292CD00809532;
			productRefGroup = 68159AF7290292CD00809532 /* Products */;
			projectDirPath = "";
			projectRoot = "";
			targets = (
				68159AF5290292CD00809532 /* Shopper */,
				68159B05290292CE00809532 /* ShopperTests */,
				68159B0F290292CE00809532 /* ShopperUITests */,
			);
		};
/* End PBXProject section */

/* Begin PBXResourcesBuildPhase section */
		68159AF4290292CD00809532 /* Resources */ = {
			isa = PBXResourcesBuildPhase;
			buildActionMask = 2147483647;
			files = (
				68159B01290292CE00809532 /* Preview Assets.xcassets in Resources */,
				68159AFE290292CE00809532 /* Assets.xcassets in Resources */,
			);
			runOnlyForDeploymentPostprocessing = 0;
		};
		68159B04290292CE00809532 /* Resources */ = {
			isa = PBXResourcesBuildPhase;
			buildActionMask = 2147483647;
			files = (
			);
			runOnlyForDeploymentPostprocessing = 0;
		};
		68159B0E290292CE00809532 /* Resources */ = {
			isa = PBXResourcesBuildPhase;
			buildActionMask = 2147483647;
			files = (
			);
			runOnlyForDeploymentPostprocessing = 0;
		};
/* End PBXResourcesBuildPhase section */

/* Begin PBXSourcesBuildPhase section */
		68159AF2290292CD00809532 /* Sources */ = {
			isa = PBXSourcesBuildPhase;
			buildActionMask = 2147483647;
			files = (
				68159B402902E6A600809532 /* CartView.swift in Sources */,
				68159B2B2902949D00809532 /* ProductListView.swift in Sources */,
				68159AFA290292CD00809532 /* ShopperApp.swift in Sources */,
				68159B312902954700809532 /* Cart.swift in Sources */,
				68159B342902962C00809532 /* CartProduct.swift in Sources */,
				68159B3E2902BFC200809532 /* StringExt.swift in Sources */,
				68159B3A2902A7D600809532 /* CategoryListViewModel.swift in Sources */,
				68159B2E290294AB00809532 /* ProductListViewModel.swift in Sources */,
				68159B372902A7A900809532 /* CategoryListView.swift in Sources */,
				68159B282902948F00809532 /* Product.swift in Sources */,
			);
			runOnlyForDeploymentPostprocessing = 0;
		};
		68159B02290292CE00809532 /* Sources */ = {
			isa = PBXSourcesBuildPhase;
			buildActionMask = 2147483647;
			files = (
				68159B0B290292CE00809532 /* ShopperTests.swift in Sources */,
			);
			runOnlyForDeploymentPostprocessing = 0;
		};
		68159B0C290292CE00809532 /* Sources */ = {
			isa = PBXSourcesBuildPhase;
			buildActionMask = 2147483647;
			files = (
				68159B17290292CE00809532 /* ShopperUITestsLaunchTests.swift in Sources */,
				68159B15290292CE00809532 /* ShopperUITests.swift in Sources */,
				68159B292902948F00809532 /* Product.swift in Sources */,
			);
			runOnlyForDeploymentPostprocessing = 0;
		};
/* End PBXSourcesBuildPhase section */

/* Begin PBXTargetDependency section */
		68159B08290292CE00809532 /* PBXTargetDependency */ = {
			isa = PBXTargetDependency;
			target = 68159AF5290292CD00809532 /* Shopper */;
			targetProxy = 68159B07290292CE00809532 /* PBXContainerItemProxy */;
		};
		68159B12290292CE00809532 /* PBXTargetDependency */ = {
			isa = PBXTargetDependency;
			target = 68159AF5290292CD00809532 /* Shopper */;
			targetProxy = 68159B11290292CE00809532 /* PBXContainerItemProxy */;
		};
/* End PBXTargetDependency section */

/* Begin XCBuildConfiguration section */
		68159B18290292CE00809532 /* Debug */ = {
			isa = XCBuildConfiguration;
			buildSettings = {
				ALWAYS_SEARCH_USER_PATHS = NO;
				CLANG_ANALYZER_NONNULL = YES;
				CLANG_ANALYZER_NUMBER_OBJECT_CONVERSION = YES_AGGRESSIVE;
				CLANG_CXX_LANGUAGE_STANDARD = "gnu++20";
				CLANG_ENABLE_MODULES = YES;
				CLANG_ENABLE_OBJC_ARC = YES;
				CLANG_ENABLE_OBJC_WEAK = YES;
				CLANG_WARN_BLOCK_CAPTURE_AUTORELEASING = YES;
				CLANG_WARN_BOOL_CONVERSION = YES;
				CLANG_WARN_COMMA = YES;
				CLANG_WARN_CONSTANT_CONVERSION = YES;
				CLANG_WARN_DEPRECATED_OBJC_IMPLEMENTATIONS = YES;
				CLANG_WARN_DIRECT_OBJC_ISA_USAGE = YES_ERROR;
				CLANG_WARN_DOCUMENTATION_COMMENTS = YES;
				CLANG_WARN_EMPTY_BODY = YES;
				CLANG_WARN_ENUM_CONVERSION = YES;
				CLANG_WARN_INFINITE_RECURSION = YES;
				CLANG_WARN_INT_CONVERSION = YES;
				CLANG_WARN_NON_LITERAL_NULL_CONVERSION = YES;
				CLANG_WARN_OBJC_IMPLICIT_RETAIN_SELF = YES;
				CLANG_WARN_OBJC_LITERAL_CONVERSION = YES;
				CLANG_WARN_OBJC_ROOT_CLASS = YES_ERROR;
				CLANG_WARN_QUOTED_INCLUDE_IN_FRAMEWORK_HEADER = YES;
				CLANG_WARN_RANGE_LOOP_ANALYSIS = YES;
				CLANG_WARN_STRICT_PROTOTYPES = YES;
				CLANG_WARN_SUSPICIOUS_MOVE = YES;
				CLANG_WARN_UNGUARDED_AVAILABILITY = YES_AGGRESSIVE;
				CLANG_WARN_UNREACHABLE_CODE = YES;
				CLANG_WARN__DUPLICATE_METHOD_MATCH = YES;
				COPY_PHASE_STRIP = NO;
				DEBUG_INFORMATION_FORMAT = dwarf;
				ENABLE_STRICT_OBJC_MSGSEND = YES;
				ENABLE_TESTABILITY = YES;
				GCC_C_LANGUAGE_STANDARD = gnu11;
				GCC_DYNAMIC_NO_PIC = NO;
				GCC_NO_COMMON_BLOCKS = YES;
				GCC_OPTIMIZATION_LEVEL = 0;
				GCC_PREPROCESSOR_DEFINITIONS = (
					"DEBUG=1",
					"$(inherited)",
				);
				GCC_WARN_64_TO_32_BIT_CONVERSION = YES;
				GCC_WARN_ABOUT_RETURN_TYPE = YES_ERROR;
				GCC_WARN_UNDECLARED_SELECTOR = YES;
				GCC_WARN_UNINITIALIZED_AUTOS = YES_AGGRESSIVE;
				GCC_WARN_UNUSED_FUNCTION = YES;
				GCC_WARN_UNUSED_VARIABLE = YES;
				IPHONEOS_DEPLOYMENT_TARGET = 16.0;
				MTL_ENABLE_DEBUG_INFO = INCLUDE_SOURCE;
				MTL_FAST_MATH = YES;
				ONLY_ACTIVE_ARCH = YES;
				SDKROOT = iphoneos;
				SWIFT_ACTIVE_COMPILATION_CONDITIONS = DEBUG;
				SWIFT_OPTIMIZATION_LEVEL = "-Onone";
			};
			name = Debug;
		};
		68159B19290292CE00809532 /* Release */ = {
			isa = XCBuildConfiguration;
			buildSettings = {
				ALWAYS_SEARCH_USER_PATHS = NO;
				CLANG_ANALYZER_NONNULL = YES;
				CLANG_ANALYZER_NUMBER_OBJECT_CONVERSION = YES_AGGRESSIVE;
				CLANG_CXX_LANGUAGE_STANDARD = "gnu++20";
				CLANG_ENABLE_MODULES = YES;
				CLANG_ENABLE_OBJC_ARC = YES;
				CLANG_ENABLE_OBJC_WEAK = YES;
				CLANG_WARN_BLOCK_CAPTURE_AUTORELEASING = YES;
				CLANG_WARN_BOOL_CONVERSION = YES;
				CLANG_WARN_COMMA = YES;
				CLANG_WARN_CONSTANT_CONVERSION = YES;
				CLANG_WARN_DEPRECATED_OBJC_IMPLEMENTATIONS = YES;
				CLANG_WARN_DIRECT_OBJC_ISA_USAGE = YES_ERROR;
				CLANG_WARN_DOCUMENTATION_COMMENTS = YES;
				CLANG_WARN_EMPTY_BODY = YES;
				CLANG_WARN_ENUM_CONVERSION = YES;
				CLANG_WARN_INFINITE_RECURSION = YES;
				CLANG_WARN_INT_CONVERSION = YES;
				CLANG_WARN_NON_LITERAL_NULL_CONVERSION = YES;
				CLANG_WARN_OBJC_IMPLICIT_RETAIN_SELF = YES;
				CLANG_WARN_OBJC_LITERAL_CONVERSION = YES;
				CLANG_WARN_OBJC_ROOT_CLASS = YES_ERROR;
				CLANG_WARN_QUOTED_INCLUDE_IN_FRAMEWORK_HEADER = YES;
				CLANG_WARN_RANGE_LOOP_ANALYSIS = YES;
				CLANG_WARN_STRICT_PROTOTYPES = YES;
				CLANG_WARN_SUSPICIOUS_MOVE = YES;
				CLANG_WARN_UNGUARDED_AVAILABILITY = YES_AGGRESSIVE;
				CLANG_WARN_UNREACHABLE_CODE = YES;
				CLANG_WARN__DUPLICATE_METHOD_MATCH = YES;
				COPY_PHASE_STRIP = NO;
				DEBUG_INFORMATION_FORMAT = "dwarf-with-dsym";
				ENABLE_NS_ASSERTIONS = NO;
				ENABLE_STRICT_OBJC_MSGSEND = YES;
				GCC_C_LANGUAGE_STANDARD = gnu11;
				GCC_NO_COMMON_BLOCKS = YES;
				GCC_WARN_64_TO_32_BIT_CONVERSION = YES;
				GCC_WARN_ABOUT_RETURN_TYPE = YES_ERROR;
				GCC_WARN_UNDECLARED_SELECTOR = YES;
				GCC_WARN_UNINITIALIZED_AUTOS = YES_AGGRESSIVE;
				GCC_WARN_UNUSED_FUNCTION = YES;
				GCC_WARN_UNUSED_VARIABLE = YES;
				IPHONEOS_DEPLOYMENT_TARGET = 16.0;
				MTL_ENABLE_DEBUG_INFO = NO;
				MTL_FAST_MATH = YES;
				SDKROOT = iphoneos;
				SWIFT_COMPILATION_MODE = wholemodule;
				SWIFT_OPTIMIZATION_LEVEL = "-O";
				VALIDATE_PRODUCT = YES;
			};
			name = Release;
		};
		68159B1B290292CE00809532 /* Debug */ = {
			isa = XCBuildConfiguration;
			buildSettings = {
				ASSETCATALOG_COMPILER_APPICON_NAME = AppIcon;
				ASSETCATALOG_COMPILER_GLOBAL_ACCENT_COLOR_NAME = AccentColor;
				CODE_SIGN_STYLE = Automatic;
				CURRENT_PROJECT_VERSION = 1;
				DEVELOPMENT_ASSET_PATHS = "\"Shopper/Preview Content\"";
				DEVELOPMENT_TEAM = 5H46HCMC8L;
				ENABLE_PREVIEWS = YES;
				GENERATE_INFOPLIST_FILE = YES;
				INFOPLIST_KEY_CFBundleDisplayName = Shopper;
				INFOPLIST_KEY_UIApplicationSceneManifest_Generation = YES;
				INFOPLIST_KEY_UIApplicationSupportsIndirectInputEvents = YES;
				INFOPLIST_KEY_UILaunchScreen_Generation = YES;
				INFOPLIST_KEY_UISupportedInterfaceOrientations = UIInterfaceOrientationPortrait;
				INFOPLIST_KEY_UISupportedInterfaceOrientations_iPad = "UIInterfaceOrientationPortrait UIInterfaceOrientationPortraitUpsideDown";
				LD_RUNPATH_SEARCH_PATHS = (
					"$(inherited)",
					"@executable_path/Frameworks",
				);
				MARKETING_VERSION = 0.1;
				PRODUCT_BUNDLE_IDENTIFIER = com.vitordinis.Shopper;
				PRODUCT_NAME = "$(TARGET_NAME)";
				SUPPORTED_PLATFORMS = "iphoneos iphonesimulator";
				SUPPORTS_MACCATALYST = NO;
				SUPPORTS_MAC_DESIGNED_FOR_IPHONE_IPAD = NO;
				SWIFT_EMIT_LOC_STRINGS = YES;
				SWIFT_VERSION = 5.0;
				TARGETED_DEVICE_FAMILY = 1;
			};
			name = Debug;
		};
		68159B1C290292CE00809532 /* Release */ = {
			isa = XCBuildConfiguration;
			buildSettings = {
				ASSETCATALOG_COMPILER_APPICON_NAME = AppIcon;
				ASSETCATALOG_COMPILER_GLOBAL_ACCENT_COLOR_NAME = AccentColor;
				CODE_SIGN_STYLE = Automatic;
				CURRENT_PROJECT_VERSION = 1;
				DEVELOPMENT_ASSET_PATHS = "\"Shopper/Preview Content\"";
				DEVELOPMENT_TEAM = 5H46HCMC8L;
				ENABLE_PREVIEWS = YES;
				GENERATE_INFOPLIST_FILE = YES;
				INFOPLIST_KEY_CFBundleDisplayName = Shopper;
				INFOPLIST_KEY_UIApplicationSceneManifest_Generation = YES;
				INFOPLIST_KEY_UIApplicationSupportsIndirectInputEvents = YES;
				INFOPLIST_KEY_UILaunchScreen_Generation = YES;
				INFOPLIST_KEY_UISupportedInterfaceOrientations = UIInterfaceOrientationPortrait;
				INFOPLIST_KEY_UISupportedInterfaceOrientations_iPad = "UIInterfaceOrientationPortrait UIInterfaceOrientationPortraitUpsideDown";
				LD_RUNPATH_SEARCH_PATHS = (
					"$(inherited)",
					"@executable_path/Frameworks",
				);
				MARKETING_VERSION = 0.1;
				PRODUCT_BUNDLE_IDENTIFIER = com.vitordinis.Shopper;
				PRODUCT_NAME = "$(TARGET_NAME)";
				SUPPORTED_PLATFORMS = "iphoneos iphonesimulator";
				SUPPORTS_MACCATALYST = NO;
				SUPPORTS_MAC_DESIGNED_FOR_IPHONE_IPAD = NO;
				SWIFT_EMIT_LOC_STRINGS = YES;
				SWIFT_VERSION = 5.0;
				TARGETED_DEVICE_FAMILY = 1;
			};
			name = Release;
		};
		68159B1E290292CE00809532 /* Debug */ = {
			isa = XCBuildConfiguration;
			buildSettings = {
				ALWAYS_EMBED_SWIFT_STANDARD_LIBRARIES = YES;
				BUNDLE_LOADER = "$(TEST_HOST)";
				CODE_SIGN_STYLE = Automatic;
				CURRENT_PROJECT_VERSION = 1;
				DEVELOPMENT_TEAM = 5H46HCMC8L;
				GENERATE_INFOPLIST_FILE = YES;
				IPHONEOS_DEPLOYMENT_TARGET = 16.0;
				MARKETING_VERSION = 1.0;
				PRODUCT_BUNDLE_IDENTIFIER = com.vitordinis.ShopperTests;
				PRODUCT_NAME = "$(TARGET_NAME)";
				SWIFT_EMIT_LOC_STRINGS = NO;
				SWIFT_VERSION = 5.0;
				TARGETED_DEVICE_FAMILY = "1,2";
				TEST_HOST = "$(BUILT_PRODUCTS_DIR)/Shopper.app/$(BUNDLE_EXECUTABLE_FOLDER_PATH)/Shopper";
			};
			name = Debug;
		};
		68159B1F290292CE00809532 /* Release */ = {
			isa = XCBuildConfiguration;
			buildSettings = {
				ALWAYS_EMBED_SWIFT_STANDARD_LIBRARIES = YES;
				BUNDLE_LOADER = "$(TEST_HOST)";
				CODE_SIGN_STYLE = Automatic;
				CURRENT_PROJECT_VERSION = 1;
				DEVELOPMENT_TEAM = 5H46HCMC8L;
				GENERATE_INFOPLIST_FILE = YES;
				IPHONEOS_DEPLOYMENT_TARGET = 16.0;
				MARKETING_VERSION = 1.0;
				PRODUCT_BUNDLE_IDENTIFIER = com.vitordinis.ShopperTests;
				PRODUCT_NAME = "$(TARGET_NAME)";
				SWIFT_EMIT_LOC_STRINGS = NO;
				SWIFT_VERSION = 5.0;
				TARGETED_DEVICE_FAMILY = "1,2";
				TEST_HOST = "$(BUILT_PRODUCTS_DIR)/Shopper.app/$(BUNDLE_EXECUTABLE_FOLDER_PATH)/Shopper";
			};
			name = Release;
		};
		68159B21290292CE00809532 /* Debug */ = {
			isa = XCBuildConfiguration;
			buildSettings = {
				ALWAYS_EMBED_SWIFT_STANDARD_LIBRARIES = YES;
				CODE_SIGN_STYLE = Automatic;
				CURRENT_PROJECT_VERSION = 1;
				DEVELOPMENT_TEAM = 5H46HCMC8L;
				GENERATE_INFOPLIST_FILE = YES;
				MARKETING_VERSION = 1.0;
				PRODUCT_BUNDLE_IDENTIFIER = com.vitordinis.ShopperUITests;
				PRODUCT_NAME = "$(TARGET_NAME)";
				SWIFT_EMIT_LOC_STRINGS = NO;
				SWIFT_VERSION = 5.0;
				TARGETED_DEVICE_FAMILY = "1,2";
				TEST_TARGET_NAME = Shopper;
			};
			name = Debug;
		};
		68159B22290292CE00809532 /* Release */ = {
			isa = XCBuildConfiguration;
			buildSettings = {
				ALWAYS_EMBED_SWIFT_STANDARD_LIBRARIES = YES;
				CODE_SIGN_STYLE = Automatic;
				CURRENT_PROJECT_VERSION = 1;
				DEVELOPMENT_TEAM = 5H46HCMC8L;
				GENERATE_INFOPLIST_FILE = YES;
				MARKETING_VERSION = 1.0;
				PRODUCT_BUNDLE_IDENTIFIER = com.vitordinis.ShopperUITests;
				PRODUCT_NAME = "$(TARGET_NAME)";
				SWIFT_EMIT_LOC_STRINGS = NO;
				SWIFT_VERSION = 5.0;
				TARGETED_DEVICE_FAMILY = "1,2";
				TEST_TARGET_NAME = Shopper;
			};
			name = Release;
		};
/* End XCBuildConfiguration section */

/* Begin XCConfigurationList section */
		68159AF1290292CD00809532 /* Build configuration list for PBXProject "Shopper" */ = {
			isa = XCConfigurationList;
			buildConfigurations = (
				68159B18290292CE00809532 /* Debug */,
				68159B19290292CE00809532 /* Release */,
			);
			defaultConfigurationIsVisible = 0;
			defaultConfigurationName = Release;
		};
		68159B1A290292CE00809532 /* Build configuration list for PBXNativeTarget "Shopper" */ = {
			isa = XCConfigurationList;
			buildConfigurations = (
				68159B1B290292CE00809532 /* Debug */,
				68159B1C290292CE00809532 /* Release */,
			);
			defaultConfigurationIsVisible = 0;
			defaultConfigurationName = Release;
		};
		68159B1D290292CE00809532 /* Build configuration list for PBXNativeTarget "ShopperTests" */ = {
			isa = XCConfigurationList;
			buildConfigurations = (
				68159B1E290292CE00809532 /* Debug */,
				68159B1F290292CE00809532 /* Release */,
			);
			defaultConfigurationIsVisible = 0;
			defaultConfigurationName = Release;
		};
		68159B20290292CE00809532 /* Build configuration list for PBXNativeTarget "ShopperUITests" */ = {
			isa = XCConfigurationList;
			buildConfigurations = (
				68159B21290292CE00809532 /* Debug */,
				68159B22290292CE00809532 /* Release */,
			);
			defaultConfigurationIsVisible = 0;
			defaultConfigurationName = Release;
		};
/* End XCConfigurationList section */
	};
	rootObject = 68159AEE290292CD00809532 /* Project object */;
}
